
Microsoft Visual Studio Solution File, Format Version 12.00
# Visual Studio Version 16
VisualStudioVersion = 16.0.31911.196
MinimumVisualStudioVersion = 10.0.40219.1
Project("{00D1A9C2-B5F0-4AF3-8072-F6C62B433612}") = "Data", "Data\Data.sqlproj", "{92687A27-8756-46B3-B753-27A7C2BA84F4}"
EndProject
Project("{FAE04EC0-301F-11D3-BF4B-00C04F79EFBC}") = "Photo-Spot-API", "Photo-Spot-API\Photo-Spot-API.csproj", "{636160B9-297D-4053-9A5F-4D9E1DA3258F}"
EndProject
Project("{FAE04EC0-301F-11D3-BF4B-00C04F79EFBC}") = "DataAccess", "DataAccess\DataAccess.csproj", "{862CF957-9987-482A-8781-157C7AA4183F}"
EndProject
Global
	GlobalSection(SolutionConfigurationPlatforms) = preSolution
		Debug|Any CPU = Debug|Any CPU
		Release|Any CPU = Release|Any CPU
	EndGlobalSection
	GlobalSection(ProjectConfigurationPlatforms) = postSolution
		{92687A27-8756-46B3-B753-27A7C2BA84F4}.Debug|Any CPU.ActiveCfg = Debug|Any CPU
		{92687A27-8756-46B3-B753-27A7C2BA84F4}.Debug|Any CPU.Build.0 = Debug|Any CPU
		{92687A27-8756-46B3-B753-27A7C2BA84F4}.Debug|Any CPU.Deploy.0 = Debug|Any CPU
		{92687A27-8756-46B3-B753-27A7C2BA84F4}.Release|Any CPU.ActiveCfg = Release|Any CPU
		{92687A27-8756-46B3-B753-27A7C2BA84F4}.Release|Any CPU.Build.0 = Release|Any CPU
		{92687A27-8756-46B3-B753-27A7C2BA84F4}.Release|Any CPU.Deploy.0 = Release|Any CPU
		{636160B9-297D-4053-9A5F-4D9E1DA3258F}.Debug|Any CPU.ActiveCfg = Debug|Any CPU
		{636160B9-297D-4053-9A5F-4D9E1DA3258F}.Debug|Any CPU.Build.0 = Debug|Any CPU
		{636160B9-297D-4053-9A5F-4D9E1DA3258F}.Release|Any CPU.ActiveCfg = Release|Any CPU
		{636160B9-297D-4053-9A5F-4D9E1DA3258F}.Release|Any CPU.Build.0 = Release|Any CPU
		{862CF957-9987-482A-8781-157C7AA4183F}.Debug|Any CPU.ActiveCfg = Debug|Any CPU
		{862CF957-9987-482A-8781-157C7AA4183F}.Debug|Any CPU.Build.0 = Debug|Any CPU
		{862CF957-9987-482A-8781-157C7AA4183F}.Release|Any CPU.ActiveCfg = Release|Any CPU
		{862CF957-9987-482A-8781-157C7AA4183F}.Release|Any CPU.Build.0 = Release|Any CPU
	EndGlobalSection
	GlobalSection(SolutionProperties) = preSolution
		HideSolutionNode = FALSE
	EndGlobalSection
	GlobalSection(ExtensibilityGlobals) = postSolution
		SolutionGuid = {160BDCAA-F0D5-4F38-B7D8-63FCCAEC29D1}
	EndGlobalSection
EndGlobal
